
Microsoft Visual Studio Solution File, Format Version 12.00
# Visual Studio Version 17
VisualStudioVersion = 17.7.34031.279
MinimumVisualStudioVersion = 10.0.40219.1
Project("{FAE04EC0-301F-11D3-BF4B-00C04F79EFBC}") = "HesapMakinesi", "HesapMakinesi\HesapMakinesi.csproj", "{F1AA2CB8-43DC-43A6-8E2C-B036D40B5391}"
EndProject
Global
	GlobalSection(SolutionConfigurationPlatforms) = preSolution
		Debug|Any CPU = Debug|Any CPU
		Release|Any CPU = Release|Any CPU
	EndGlobalSection
	GlobalSection(ProjectConfigurationPlatforms) = postSolution
		{F1AA2CB8-43DC-43A6-8E2C-B036D40B5391}.Debug|Any CPU.ActiveCfg = Debug|Any CPU
		{F1AA2CB8-43DC-43A6-8E2C-B036D40B5391}.Debug|Any CPU.Build.0 = Debug|Any CPU
		{F1AA2CB8-43DC-43A6-8E2C-B036D40B5391}.Release|Any CPU.ActiveCfg = Release|Any CPU
		{F1AA2CB8-43DC-43A6-8E2C-B036D40B5391}.Release|Any CPU.Build.0 = Release|Any CPU
	EndGlobalSection
	GlobalSection(SolutionProperties) = preSolution
		HideSolutionNode = FALSE
	EndGlobalSection
	GlobalSection(ExtensibilityGlobals) = postSolution
		SolutionGuid = {80160602-5467-49B1-A32E-0FABC1FCA9AD}
	EndGlobalSection
EndGlobal
